
Microsoft Visual Studio Solution File, Format Version 12.00
# Visual Studio Version 17
VisualStudioVersion = 17.13.35913.81
MinimumVisualStudioVersion = 10.0.40219.1
Project("{FAE04EC0-301F-11D3-BF4B-00C04F79EFBC}") = "SertaCup site", "SertaCup site.csproj", "{CE326669-1366-45FA-8967-784219B05EA2}"
EndProject
Global
	GlobalSection(SolutionConfigurationPlatforms) = preSolution
		Debug|Any CPU = Debug|Any CPU
		Release|Any CPU = Release|Any CPU
	EndGlobalSection
	GlobalSection(ProjectConfigurationPlatforms) = postSolution
		{CE326669-1366-45FA-8967-784219B05EA2}.Debug|Any CPU.ActiveCfg = Debug|Any CPU
		{CE326669-1366-45FA-8967-784219B05EA2}.Debug|Any CPU.Build.0 = Debug|Any CPU
		{CE326669-1366-45FA-8967-784219B05EA2}.Release|Any CPU.ActiveCfg = Release|Any CPU
		{CE326669-1366-45FA-8967-784219B05EA2}.Release|Any CPU.Build.0 = Release|Any CPU
	EndGlobalSection
	GlobalSection(SolutionProperties) = preSolution
		HideSolutionNode = FALSE
	EndGlobalSection
	GlobalSection(ExtensibilityGlobals) = postSolution
		SolutionGuid = {716A56E2-4C7A-4416-851A-29EFF19C3DBE}
	EndGlobalSection
EndGlobal
